hash: 22a5adca736232f400c788e6d9263cae489daba4bc42a3214c710a016a639e9c
updated: 2016-06-23T15:18:27.309622705-05:00
imports:
- name: github.com/honeybadger-io/honeybadger-go
  version: 36d30005a9a829178efbdf9a78e29edd136a569b
- name: github.com/joho/godotenv
  version: 4ed13390c0acd2ff4e371e64d8b97c8954138243
- name: github.com/robfig/cron
  version: 6f2e8282a1a0d694e55a48ce7d077ee46747feeb
- name: github.com/wearemolecule/kubeclient
  version: 8e465a3c3da9b46782c14da57c141ab2a45ef467
- name: golang.org/x/build
  version: 89e8d00eafe6d6ccb39c01e2c75735161b9dcfaa
  subpackages:
  - kubernetes/api
- name: golang.org/x/net
  version: bc3663df0ac92f928d419e31e0d2af22e683a5a2
  subpackages:
  - context
  - context/ctxhttp
- name: gopkg.in/inf.v0
  version: 3887ee99ecf07df5b447e9b00d9c0b2adaa9f3e4
- name: gopkg.in/yaml.v2
  version: a83829b6f1293c91addabc89d0571c246397bbf4
devImports: []
