hash: 22a5adca736232f400c788e6d9263cae489daba4bc42a3214c710a016a639e9c
updated: 2016-08-22T14:10:50.173940848-05:00
imports:
- name: github.com/honeybadger-io/honeybadger-go
  version: 36d30005a9a829178efbdf9a78e29edd136a569b
- name: github.com/joho/godotenv
  version: 4ed13390c0acd2ff4e371e64d8b97c8954138243
- name: github.com/pborman/uuid
  version: c55201b036063326c5b1b89ccfe45a184973d073
- name: github.com/robfig/cron
  version: ab4c16f3a09641bd19d65f55b3d8d6edda7a8e05
- name: github.com/shirou/gopsutil
  version: 2eb8f8bff811a958928698101422a0da22fa8e36
  subpackages:
  - load
  - mem
  - internal/common
- name: github.com/wearemolecule/kubeclient
  version: 8e465a3c3da9b46782c14da57c141ab2a45ef467
- name: golang.org/x/build
  version: 1615165ba855199d66cb584764bb30f1439b02b1
  subpackages:
  - kubernetes/api
- name: golang.org/x/net
  version: 7394c112eae4dba7e96bfcfe738e6373d61772b4
  subpackages:
  - context
  - context/ctxhttp
- name: gopkg.in/inf.v0
  version: 3887ee99ecf07df5b447e9b00d9c0b2adaa9f3e4
- name: gopkg.in/yaml.v2
  version: e4d366fc3c7938e2958e662b4258c7a89e1f0e3e
devImports: []
